{
  "name": "debug-script",
  "version": "1.0.0",
  "lockfileVersion": 1,
  "requires": true,
  "dependencies": {
    "@koa/router": {
      "version": "12.0.0",
      "resolved": "http://registry.npm.qima-inc.com/@koa/router/download/@koa/router-12.0.0.tgz",
      "integrity": "sha1-KueTcJP9OSdhwOWDPDaDedSjVzc=",
      "requires": {
        "http-errors": "^2.0.0",
        "koa-compose": "^4.1.0",
        "methods": "^1.1.2",
        "path-to-regexp": "^6.2.1"
      }
    },
    "@serialport/binding-abstract": {
      "version": "9.2.3",
      "resolved": "http://registry.npm.qima-inc.com/@serialport/binding-abstract/download/@serialport/binding-abstract-9.2.3.tgz",
      "integrity": "sha1-590nM1e2ppivetWNtvV/YkQ6Css=",
      "requires": {
        "debug": "^4.3.2"
      }
    },
    "@serialport/binding-mock": {
      "version": "9.2.4",
      "resolved": "http://registry.npm.qima-inc.com/@serialport/binding-mock/download/@serialport/binding-mock-9.2.4.tgz",
      "integrity": "sha1-it80dCq87oCRnhnxJmQjzhyUB+I=",
      "requires": {
        "@serialport/binding-abstract": "9.2.3",
        "debug": "^4.3.2"
      }
    },
    "@serialport/bindings": {
      "version": "9.2.8",
      "resolved": "http://registry.npm.qima-inc.com/@serialport/bindings/download/@serialport/bindings-9.2.8.tgz",
      "integrity": "sha1-WcK+Cdkd+SLVbeMcueIcZzYATjk=",
      "requires": {
        "@serialport/binding-abstract": "9.2.3",
        "@serialport/parser-readline": "9.2.4",
        "bindings": "^1.5.0",
        "debug": "^4.3.2",
        "nan": "^2.15.0",
        "prebuild-install": "^7.0.0"
      }
    },
    "@serialport/bindings-cpp": {
      "version": "10.4.0",
      "resolved": "http://registry.npm.qima-inc.com/@serialport/bindings-cpp/download/@serialport/bindings-cpp-10.4.0.tgz",
      "integrity": "sha1-3kaU1djTn4bOCCYoPbQGiVtgkiY=",
      "requires": {
        "@serialport/binding-abstract": "10.0.1",
        "@serialport/parser-readline": "10.0.1",
        "debug": "^4.3.2",
        "node-addon-api": "^4.3.0",
        "node-gyp-build": "^4.3.0"
      },
      "dependencies": {
        "@serialport/binding-abstract": {
          "version": "10.0.1",
          "resolved": "http://registry.npm.qima-inc.com/@serialport/binding-abstract/download/@serialport/binding-abstract-10.0.1.tgz",
          "integrity": "sha1-/FppsF02T6fbhys/5kroWqowMKU=",
          "requires": {
            "debug": "^4.3.2"
          }
        },
        "@serialport/parser-delimiter": {
          "version": "10.0.1",
          "resolved": "http://registry.npm.qima-inc.com/@serialport/parser-delimiter/download/@serialport/parser-delimiter-10.0.1.tgz",
          "integrity": "sha1-uwoE4UC/Qo1bSeeDi58TbEC0oJE="
        },
        "@serialport/parser-readline": {
          "version": "10.0.1",
          "resolved": "http://registry.npm.qima-inc.com/@serialport/parser-readline/download/@serialport/parser-readline-10.0.1.tgz",
          "integrity": "sha1-xPfwR9R3nJCM+2bRTAygq9fhHyU=",
          "requires": {
            "@serialport/parser-delimiter": "10.0.1"
          }
        }
      }
    },
    "@serialport/parser-byte-length": {
      "version": "9.2.4",
      "resolved": "http://registry.npm.qima-inc.com/@serialport/parser-byte-length/download/@serialport/parser-byte-length-9.2.4.tgz",
      "integrity": "sha1-zM3zqVAY2DjO6eeqhqs7WtnmwA8="
    },
    "@serialport/parser-cctalk": {
      "version": "9.2.4",
      "resolved": "http://registry.npm.qima-inc.com/@serialport/parser-cctalk/download/@serialport/parser-cctalk-9.2.4.tgz",
      "integrity": "sha1-RBUz5q/HiejMWgF2l2MiF7szqGE="
    },
    "@serialport/parser-delimiter": {
      "version": "9.2.4",
      "resolved": "http://registry.npm.qima-inc.com/@serialport/parser-delimiter/download/@serialport/parser-delimiter-9.2.4.tgz",
      "integrity": "sha1-eQYWKrVgG1Kr57sBFngkjwtQ9sA="
    },
    "@serialport/parser-inter-byte-timeout": {
      "version": "9.2.4",
      "resolved": "http://registry.npm.qima-inc.com/@serialport/parser-inter-byte-timeout/download/@serialport/parser-inter-byte-timeout-9.2.4.tgz",
      "integrity": "sha1-D/t/FEljb2Nj6JQSfR+BmzjpHDw="
    },
    "@serialport/parser-readline": {
      "version": "9.2.4",
      "resolved": "http://registry.npm.qima-inc.com/@serialport/parser-readline/download/@serialport/parser-readline-9.2.4.tgz",
      "integrity": "sha1-FaTsfobdwzrIT6rHv/1FYORUTMs=",
      "requires": {
        "@serialport/parser-delimiter": "9.2.4"
      }
    },
    "@serialport/parser-ready": {
      "version": "9.2.4",
      "resolved": "http://registry.npm.qima-inc.com/@serialport/parser-ready/download/@serialport/parser-ready-9.2.4.tgz",
      "integrity": "sha1-4fyTueMFeXIQTbP5MRJjOX9CDyU="
    },
    "@serialport/parser-regex": {
      "version": "9.2.4",
      "resolved": "http://registry.npm.qima-inc.com/@serialport/parser-regex/download/@serialport/parser-regex-9.2.4.tgz",
      "integrity": "sha1-4jKoTgDz6MNm/GXOIPj0rBSWBEg="
    },
    "@serialport/stream": {
      "version": "9.2.4",
      "resolved": "http://registry.npm.qima-inc.com/@serialport/stream/download/@serialport/stream-9.2.4.tgz",
      "integrity": "sha1-n84JPQtG7UWZlTtProFxjgUNKzM=",
      "requires": {
        "debug": "^4.3.2"
      }
    },
    "accepts": {
      "version": "1.3.8",
      "resolved": "http://registry.npm.qima-inc.com/accepts/download/accepts-1.3.8.tgz",
      "integrity": "sha1-C/C+EltnAUrcsLCSHmLbe//hay4=",
      "requires": {
        "mime-types": "~2.1.34",
        "negotiator": "0.6.3"
      }
    },
    "ansi-regex": {
      "version": "2.1.1",
      "resolved": "http://registry.npm.qima-inc.com/ansi-regex/download/ansi-regex-2.1.1.tgz",
      "integrity": "sha1-w7M6te42DYbg5ijwRorn7yfWVN8="
    },
    "aproba": {
      "version": "1.2.0",
      "resolved": "http://registry.npm.qima-inc.com/aproba/download/aproba-1.2.0.tgz",
      "integrity": "sha1-aALmJk79GMeQobDVF/DyYnvyyUo="
    },
    "are-we-there-yet": {
      "version": "1.1.7",
      "resolved": "http://registry.npm.qima-inc.com/are-we-there-yet/download/are-we-there-yet-1.1.7.tgz",
      "integrity": "sha1-sVR0qTKtq0/4pQ2a36fk6SbyEUY=",
      "requires": {
        "delegates": "^1.0.0",
        "readable-stream": "^2.0.6"
      }
    },
    "base64-js": {
      "version": "1.5.1",
      "resolved": "http://registry.npm.qima-inc.com/base64-js/download/base64-js-1.5.1.tgz",
      "integrity": "sha1-GxtEAWClv3rUC2UPCVljSBkDkwo="
    },
    "bindings": {
      "version": "1.5.0",
      "resolved": "http://registry.npm.qima-inc.com/bindings/download/bindings-1.5.0.tgz",
      "integrity": "sha1-EDU8npRTNLwFEabZCzj7x8nFBN8=",
      "requires": {
        "file-uri-to-path": "1.0.0"
      }
    },
    "bl": {
      "version": "4.1.0",
      "resolved": "http://registry.npm.qima-inc.com/bl/download/bl-4.1.0.tgz",
      "integrity": "sha1-RRU1JkGCvsL7vIOmKrmM8R2fezo=",
      "requires": {
        "buffer": "^5.5.0",
        "inherits": "^2.0.4",
        "readable-stream": "^3.4.0"
      },
      "dependencies": {
        "readable-stream": {
          "version": "3.6.0",
          "resolved": "http://registry.npm.qima-inc.com/readable-stream/download/readable-stream-3.6.0.tgz",
          "integrity": "sha1-M3u9o63AcGvT4CRCaihtS0sskZg=",
          "requires": {
            "inherits": "^2.0.3",
            "string_decoder": "^1.1.1",
            "util-deprecate": "^1.0.1"
          }
        }
      }
    },
    "buffer": {
      "version": "5.7.1",
      "resolved": "http://registry.npm.qima-inc.com/buffer/download/buffer-5.7.1.tgz",
      "integrity": "sha1-umLnwTEzBTWCGXFghRqPZI6Z7tA=",
      "requires": {
        "base64-js": "^1.3.1",
        "ieee754": "^1.1.13"
      }
    },
    "cache-content-type": {
      "version": "1.0.1",
      "resolved": "http://registry.npm.qima-inc.com/cache-content-type/download/cache-content-type-1.0.1.tgz",
      "integrity": "sha1-A1zeKwjuISn0qDFeqPAKANuhRTw=",
      "requires": {
        "mime-types": "^2.1.18",
        "ylru": "^1.2.0"
      }
    },
    "chownr": {
      "version": "1.1.4",
      "resolved": "http://registry.npm.qima-inc.com/chownr/download/chownr-1.1.4.tgz",
      "integrity": "sha1-b8nXtC0ypYNZYzdmbn0ICE2izGs="
    },
    "co": {
      "version": "4.6.0",
      "resolved": "http://registry.npm.qima-inc.com/co/download/co-4.6.0.tgz",
      "integrity": "sha1-bqa989hTrlTMuOR7+gvz+QMfsYQ="
    },
    "code-point-at": {
      "version": "1.1.0",
      "resolved": "http://registry.npm.qima-inc.com/code-point-at/download/code-point-at-1.1.0.tgz",
      "integrity": "sha1-DQcLTQQ6W+ozovGkDi7bPZpMz3c="
    },
    "console-control-strings": {
      "version": "1.1.0",
      "resolved": "http://registry.npm.qima-inc.com/console-control-strings/download/console-control-strings-1.1.0.tgz",
      "integrity": "sha1-PXz0Rk22RG6mRL9LOVB/mFEAjo4="
    },
    "content-disposition": {
      "version": "0.5.4",
      "resolved": "http://registry.npm.qima-inc.com/content-disposition/download/content-disposition-0.5.4.tgz",
      "integrity": "sha1-i4K076yCUSoCuwsdzsnSxejrW/4=",
      "requires": {
        "safe-buffer": "5.2.1"
      }
    },
    "content-type": {
      "version": "1.0.4",
      "resolved": "http://registry.npm.qima-inc.com/content-type/download/content-type-1.0.4.tgz",
      "integrity": "sha1-4TjMdeBAxyexlm/l5fjJruJW/js="
    },
    "cookies": {
      "version": "0.8.0",
      "resolved": "http://registry.npm.qima-inc.com/cookies/download/cookies-0.8.0.tgz",
      "integrity": "sha1-EpPOSzkXQKhAbjyYcOgoxLVPP5A=",
      "requires": {
        "depd": "~2.0.0",
        "keygrip": "~1.1.0"
      }
    },
    "core-util-is": {
      "version": "1.0.3",
      "resolved": "http://registry.npm.qima-inc.com/core-util-is/download/core-util-is-1.0.3.tgz",
      "integrity": "sha1-pgQtNjTCsn6TKPg3uWX6yDgI24U="
    },
    "debug": {
      "version": "4.3.4",
      "resolved": "http://registry.npm.qima-inc.com/debug/download/debug-4.3.4.tgz",
      "integrity": "sha1-Exn2V5NX8jONMzfSzdSRS7XcyGU=",
      "requires": {
        "ms": "2.1.2"
      }
    },
    "decompress-response": {
      "version": "6.0.0",
      "resolved": "http://registry.npm.qima-inc.com/decompress-response/download/decompress-response-6.0.0.tgz",
      "integrity": "sha1-yjh2Et234QS9FthaqwDV7PCcZvw=",
      "requires": {
        "mimic-response": "^3.1.0"
      }
    },
    "deep-equal": {
      "version": "1.0.1",
      "resolved": "http://registry.npm.qima-inc.com/deep-equal/download/deep-equal-1.0.1.tgz",
      "integrity": "sha1-9dJgKStmDghO/0zbyfCK0yR0SLU="
    },
    "deep-extend": {
      "version": "0.6.0",
      "resolved": "http://registry.npm.qima-inc.com/deep-extend/download/deep-extend-0.6.0.tgz",
      "integrity": "sha1-xPp8lUBKF6nD6Mp+FTcxK3NjMKw="
    },
    "delegates": {
      "version": "1.0.0",
      "resolved": "http://registry.npm.qima-inc.com/delegates/download/delegates-1.0.0.tgz",
      "integrity": "sha1-hMbhWbgZBP3KWaDvRM2HDTElD5o="
    },
    "depd": {
      "version": "2.0.0",
      "resolved": "http://registry.npm.qima-inc.com/depd/download/depd-2.0.0.tgz",
      "integrity": "sha1-tpYWPMdXVg0JzyLMj60Vcbeedt8="
    },
    "destroy": {
      "version": "1.2.0",
      "resolved": "http://registry.npm.qima-inc.com/destroy/download/destroy-1.2.0.tgz",
      "integrity": "sha1-SANzVQmti+VSk0xn32FPlOZvoBU="
    },
    "detect-libc": {
      "version": "2.0.1",
      "resolved": "http://registry.npm.qima-inc.com/detect-libc/download/detect-libc-2.0.1.tgz",
      "integrity": "sha1-4Yl6qI+mrRl4YpN/vARB7zUu4M0="
    },
    "ee-first": {
      "version": "1.1.1",
      "resolved": "http://registry.npm.qima-inc.com/ee-first/download/ee-first-1.1.1.tgz",
      "integrity": "sha1-WQxhFWsK4vTwJVcyoViyZrxWsh0="
    },
    "encodeurl": {
      "version": "1.0.2",
      "resolved": "http://registry.npm.qima-inc.com/encodeurl/download/encodeurl-1.0.2.tgz",
      "integrity": "sha1-rT/0yG7C0CkyL1oCw6mmBslbP1k="
    },
    "end-of-stream": {
      "version": "1.4.4",
      "resolved": "http://registry.npm.qima-inc.com/end-of-stream/download/end-of-stream-1.4.4.tgz",
      "integrity": "sha1-WuZKX0UFe682JuwU2gyl5LJDHrA=",
      "requires": {
        "once": "^1.4.0"
      }
    },
    "escape-html": {
      "version": "1.0.3",
      "resolved": "http://registry.npm.qima-inc.com/escape-html/download/escape-html-1.0.3.tgz",
      "integrity": "sha1-Aljq5NPQwJdN4cFpGI7wBR0dGYg="
    },
    "expand-template": {
      "version": "2.0.3",
      "resolved": "http://registry.npm.qima-inc.com/expand-template/download/expand-template-2.0.3.tgz",
      "integrity": "sha1-bhSz/O4POmNA7LV9LokYaSBSpHw="
    },
    "file-uri-to-path": {
      "version": "1.0.0",
      "resolved": "http://registry.npm.qima-inc.com/file-uri-to-path/download/file-uri-to-path-1.0.0.tgz",
      "integrity": "sha1-VTp7hEb/b2hDWcRF8eN6BdrMM90="
    },
    "fresh": {
      "version": "0.5.2",
      "resolved": "http://registry.npm.qima-inc.com/fresh/download/fresh-0.5.2.tgz",
      "integrity": "sha1-PYyt2Q2XZWn6g1qx+OSyOhBWBac="
    },
    "fs-constants": {
      "version": "1.0.0",
      "resolved": "http://registry.npm.qima-inc.com/fs-constants/download/fs-constants-1.0.0.tgz",
      "integrity": "sha1-a+Dem+mYzhavivwkSXue6bfM2a0="
    },
    "gauge": {
      "version": "2.7.4",
      "resolved": "http://registry.npm.qima-inc.com/gauge/download/gauge-2.7.4.tgz",
      "integrity": "sha1-LANAXHU4w51+s3sxcCLjJfsBi/c=",
      "requires": {
        "aproba": "^1.0.3",
        "console-control-strings": "^1.0.0",
        "has-unicode": "^2.0.0",
        "object-assign": "^4.1.0",
        "signal-exit": "^3.0.0",
        "string-width": "^1.0.1",
        "strip-ansi": "^3.0.1",
        "wide-align": "^1.1.0"
      }
    },
    "github-from-package": {
      "version": "0.0.0",
      "resolved": "http://registry.npm.qima-inc.com/github-from-package/download/github-from-package-0.0.0.tgz",
      "integrity": "sha1-l/tdlr/eiXMxPyDoKI75oWf6ZM4="
    },
    "has-symbols": {
      "version": "1.0.3",
      "resolved": "http://registry.npm.qima-inc.com/has-symbols/download/has-symbols-1.0.3.tgz",
      "integrity": "sha1-u3ssQ0klHc6HsSX3vfh0qnyLOfg="
    },
    "has-tostringtag": {
      "version": "1.0.0",
      "resolved": "http://registry.npm.qima-inc.com/has-tostringtag/download/has-tostringtag-1.0.0.tgz",
      "integrity": "sha1-fhM4GKfTlHNPlB5zw9P5KR5liyU=",
      "requires": {
        "has-symbols": "^1.0.2"
      }
    },
    "has-unicode": {
      "version": "2.0.1",
      "resolved": "http://registry.npm.qima-inc.com/has-unicode/download/has-unicode-2.0.1.tgz",
      "integrity": "sha1-4Ob+aijPUROIVeCG0Wkedx3iqLk="
    },
    "http-assert": {
      "version": "1.5.0",
      "resolved": "http://registry.npm.qima-inc.com/http-assert/download/http-assert-1.5.0.tgz",
      "integrity": "sha1-w4nM2HrBbtLfpiRv1zuSaqAOa48=",
      "requires": {
        "deep-equal": "~1.0.1",
        "http-errors": "~1.8.0"
      },
      "dependencies": {
        "depd": {
          "version": "1.1.2",
          "resolved": "http://registry.npm.qima-inc.com/depd/download/depd-1.1.2.tgz",
          "integrity": "sha1-m81S4UwJd2PnSbJ0xDRu0uVgtak="
        },
        "http-errors": {
          "version": "1.8.1",
          "resolved": "http://registry.npm.qima-inc.com/http-errors/download/http-errors-1.8.1.tgz",
          "integrity": "sha1-fD8oV3y8iiBziEVdvWIpXtB71ow=",
          "requires": {
            "depd": "~1.1.2",
            "inherits": "2.0.4",
            "setprototypeof": "1.2.0",
            "statuses": ">= 1.5.0 < 2",
            "toidentifier": "1.0.1"
          }
        },
        "statuses": {
          "version": "1.5.0",
          "resolved": "http://registry.npm.qima-inc.com/statuses/download/statuses-1.5.0.tgz",
          "integrity": "sha1-Fhx9rBd2Wf2YEfQ3cfqZOBR4Yow="
        }
      }
    },
    "http-errors": {
      "version": "2.0.0",
      "resolved": "http://registry.npm.qima-inc.com/http-errors/download/http-errors-2.0.0.tgz",
      "integrity": "sha1-t3dKFIbvc892Z6ya4IWMASxXudM=",
      "requires": {
        "depd": "2.0.0",
        "inherits": "2.0.4",
        "setprototypeof": "1.2.0",
        "statuses": "2.0.1",
        "toidentifier": "1.0.1"
      }
    },
    "ieee754": {
      "version": "1.2.1",
      "resolved": "http://registry.npm.qima-inc.com/ieee754/download/ieee754-1.2.1.tgz",
      "integrity": "sha1-jrehCmP/8l0VpXsAFYbRd9Gw01I="
    },
    "inherits": {
      "version": "2.0.4",
      "resolved": "http://registry.npm.qima-inc.com/inherits/download/inherits-2.0.4.tgz",
      "integrity": "sha1-D6LGT5MpF8NDOg3tVTY6rjdBa3w="
    },
    "ini": {
      "version": "1.3.8",
      "resolved": "http://registry.npm.qima-inc.com/ini/download/ini-1.3.8.tgz",
      "integrity": "sha1-op2kJbSIBvNHZ6Tvzjlyaa8oQyw="
    },
    "is-fullwidth-code-point": {
      "version": "1.0.0",
      "resolved": "http://registry.npm.qima-inc.com/is-fullwidth-code-point/download/is-fullwidth-code-point-1.0.0.tgz",
      "integrity": "sha1-754xOG8DGn8NZDr4L95QxFfvAMs=",
      "requires": {
        "number-is-nan": "^1.0.0"
      }
    },
    "is-generator-function": {
      "version": "1.0.10",
      "resolved": "http://registry.npm.qima-inc.com/is-generator-function/download/is-generator-function-1.0.10.tgz",
      "integrity": "sha1-8VWLrxrBfg3up8BBXEODUf8rPHI=",
      "requires": {
        "has-tostringtag": "^1.0.0"
      }
    },
    "isarray": {
      "version": "1.0.0",
      "resolved": "http://registry.npm.qima-inc.com/isarray/download/isarray-1.0.0.tgz",
      "integrity": "sha1-u5NdSFgsuhaMBoNJV6VKPgcSTxE="
    },
    "keygrip": {
      "version": "1.1.0",
      "resolved": "http://registry.npm.qima-inc.com/keygrip/download/keygrip-1.1.0.tgz",
      "integrity": "sha1-hxsWgdXhWcYqRFsMdLYV4JF+ciY=",
      "requires": {
        "tsscmp": "1.0.6"
      }
    },
    "koa": {
      "version": "2.13.4",
      "resolved": "http://registry.npm.qima-inc.com/koa/download/koa-2.13.4.tgz",
      "integrity": "sha1-7lsMs54LgGnDjRFROcd0gz0yRi4=",
      "requires": {
        "accepts": "^1.3.5",
        "cache-content-type": "^1.0.0",
        "content-disposition": "~0.5.2",
        "content-type": "^1.0.4",
        "cookies": "~0.8.0",
        "debug": "^4.3.2",
        "delegates": "^1.0.0",
        "depd": "^2.0.0",
        "destroy": "^1.0.4",
        "encodeurl": "^1.0.2",
        "escape-html": "^1.0.3",
        "fresh": "~0.5.2",
        "http-assert": "^1.3.0",
        "http-errors": "^1.6.3",
        "is-generator-function": "^1.0.7",
        "koa-compose": "^4.1.0",
        "koa-convert": "^2.0.0",
        "on-finished": "^2.3.0",
        "only": "~0.0.2",
        "parseurl": "^1.3.2",
        "statuses": "^1.5.0",
        "type-is": "^1.6.16",
        "vary": "^1.1.2"
      },
      "dependencies": {
        "http-errors": {
          "version": "1.8.1",
          "resolved": "http://registry.npm.qima-inc.com/http-errors/download/http-errors-1.8.1.tgz",
          "integrity": "sha1-fD8oV3y8iiBziEVdvWIpXtB71ow=",
          "requires": {
            "depd": "~1.1.2",
            "inherits": "2.0.4",
            "setprototypeof": "1.2.0",
            "statuses": ">= 1.5.0 < 2",
            "toidentifier": "1.0.1"
          },
          "dependencies": {
            "depd": {
              "version": "1.1.2",
              "resolved": "http://registry.npm.qima-inc.com/depd/download/depd-1.1.2.tgz",
              "integrity": "sha1-m81S4UwJd2PnSbJ0xDRu0uVgtak="
            }
          }
        },
        "statuses": {
          "version": "1.5.0",
          "resolved": "http://registry.npm.qima-inc.com/statuses/download/statuses-1.5.0.tgz",
          "integrity": "sha1-Fhx9rBd2Wf2YEfQ3cfqZOBR4Yow="
        }
      }
    },
    "koa-compose": {
      "version": "4.1.0",
      "resolved": "http://registry.npm.qima-inc.com/koa-compose/download/koa-compose-4.1.0.tgz",
      "integrity": "sha1-UHMGuTcZAdtBEhyBLpI9DWfT6Hc="
    },
    "koa-convert": {
      "version": "2.0.0",
      "resolved": "http://registry.npm.qima-inc.com/koa-convert/download/koa-convert-2.0.0.tgz",
      "integrity": "sha1-hqDETYHUBVG64i/uZwmQRXPupPU=",
      "requires": {
        "co": "^4.6.0",
        "koa-compose": "^4.1.0"
      }
    },
    "lru-cache": {
      "version": "6.0.0",
      "resolved": "http://registry.npm.qima-inc.com/lru-cache/download/lru-cache-6.0.0.tgz",
      "integrity": "sha1-bW/mVw69lqr5D8rR2vo7JWbbOpQ=",
      "requires": {
        "yallist": "^4.0.0"
      }
    },
    "media-typer": {
      "version": "0.3.0",
      "resolved": "http://registry.npm.qima-inc.com/media-typer/download/media-typer-0.3.0.tgz",
      "integrity": "sha1-hxDXrwqmJvj/+hzgAWhUUmMlV0g="
    },
    "methods": {
      "version": "1.1.2",
      "resolved": "http://registry.npm.qima-inc.com/methods/download/methods-1.1.2.tgz",
      "integrity": "sha1-VSmk1nZUE07cxSZmVoNbD4Ua/O4="
    },
    "mime-db": {
      "version": "1.52.0",
      "resolved": "http://registry.npm.qima-inc.com/mime-db/download/mime-db-1.52.0.tgz",
      "integrity": "sha1-u6vNwChZ9JhzAchW4zh85exDv3A="
    },
    "mime-types": {
      "version": "2.1.35",
      "resolved": "http://registry.npm.qima-inc.com/mime-types/download/mime-types-2.1.35.tgz",
      "integrity": "sha1-OBqHG2KnNEUGYK497uRIE/cNlZo=",
      "requires": {
        "mime-db": "1.52.0"
      }
    },
    "mimic-response": {
      "version": "3.1.0",
      "resolved": "http://registry.npm.qima-inc.com/mimic-response/download/mimic-response-3.1.0.tgz",
      "integrity": "sha1-LR1Zr5wbEpgVrMwsRqAipc4fo8k="
    },
    "minimist": {
      "version": "1.2.6",
      "resolved": "http://registry.npm.qima-inc.com/minimist/download/minimist-1.2.6.tgz",
      "integrity": "sha1-hjelt1nqDW6YcCz7OpKDMjyTr0Q="
    },
    "mkdirp-classic": {
      "version": "0.5.3",
      "resolved": "http://registry.npm.qima-inc.com/mkdirp-classic/download/mkdirp-classic-0.5.3.tgz",
      "integrity": "sha1-+hDJEVzG2IZb4iG6R+6b7XhgERM="
    },
    "ms": {
      "version": "2.1.2",
      "resolved": "http://registry.npm.qima-inc.com/ms/download/ms-2.1.2.tgz",
      "integrity": "sha1-0J0fNXtEP0kzgqjrPM0YOHKuYAk="
    },
    "nan": {
      "version": "2.15.0",
      "resolved": "http://registry.npm.qima-inc.com/nan/download/nan-2.15.0.tgz",
      "integrity": "sha1-PzSkc/8Y4VwbVia2KQO1rW5mX+4="
    },
    "napi-build-utils": {
      "version": "1.0.2",
      "resolved": "http://registry.npm.qima-inc.com/napi-build-utils/download/napi-build-utils-1.0.2.tgz",
      "integrity": "sha1-sf3cCyxG44Cgt6dvmE3UfEGhOAY="
    },
    "negotiator": {
      "version": "0.6.3",
      "resolved": "http://registry.npm.qima-inc.com/negotiator/download/negotiator-0.6.3.tgz",
      "integrity": "sha1-WOMjpy/twNb5zU0x/kn1FHlZDM0="
    },
    "node-abi": {
      "version": "3.15.0",
      "resolved": "http://registry.npm.qima-inc.com/node-abi/download/node-abi-3.15.0.tgz",
      "integrity": "sha1-zZrIxYMoEptJmYzG+haqVQYVJxY=",
      "requires": {
        "semver": "^7.3.5"
      }
    },
    "node-addon-api": {
      "version": "4.3.0",
      "resolved": "http://registry.npm.qima-inc.com/node-addon-api/download/node-addon-api-4.3.0.tgz",
      "integrity": "sha1-UqGgtHUZPgko6Y4EJqDRJUeCt38="
    },
    "node-gyp-build": {
      "version": "4.4.0",
      "resolved": "http://registry.npm.qima-inc.com/node-gyp-build/download/node-gyp-build-4.4.0.tgz",
      "integrity": "sha1-QumWh86H3erzoQuZ3AarwRAh8/Q="
    },
    "npmlog": {
      "version": "4.1.2",
      "resolved": "http://registry.npm.qima-inc.com/npmlog/download/npmlog-4.1.2.tgz",
      "integrity": "sha1-CKfyqL9zRgR3mp76StXMcXq7lUs=",
      "requires": {
        "are-we-there-yet": "~1.1.2",
        "console-control-strings": "~1.1.0",
        "gauge": "~2.7.3",
        "set-blocking": "~2.0.0"
      }
    },
    "number-is-nan": {
      "version": "1.0.1",
      "resolved": "http://registry.npm.qima-inc.com/number-is-nan/download/number-is-nan-1.0.1.tgz",
      "integrity": "sha1-CXtgK1NCKlIsGvuHkDGDNpQaAR0="
    },
    "object-assign": {
      "version": "4.1.1",
      "resolved": "http://registry.npm.qima-inc.com/object-assign/download/object-assign-4.1.1.tgz",
      "integrity": "sha1-IQmtx5ZYh8/AXLvUQsrIv7s2CGM="
    },
    "on-finished": {
      "version": "2.4.1",
      "resolved": "http://registry.npm.qima-inc.com/on-finished/download/on-finished-2.4.1.tgz",
      "integrity": "sha1-WMjEQRblSEWtV/FKsQsDUzGErD8=",
      "requires": {
        "ee-first": "1.1.1"
      }
    },
    "once": {
      "version": "1.4.0",
      "resolved": "http://registry.npm.qima-inc.com/once/download/once-1.4.0.tgz",
      "integrity": "sha1-WDsap3WWHUsROsF9nFC6753Xa9E=",
      "requires": {
        "wrappy": "1"
      }
    },
    "only": {
      "version": "0.0.2",
      "resolved": "http://registry.npm.qima-inc.com/only/download/only-0.0.2.tgz",
      "integrity": "sha1-Kv3oTQPlC5qO3EROMGEKcCle37Q="
    },
    "parseurl": {
      "version": "1.3.3",
      "resolved": "http://registry.npm.qima-inc.com/parseurl/download/parseurl-1.3.3.tgz",
      "integrity": "sha1-naGee+6NEt/wUT7Vt2lXeTvC6NQ="
    },
    "path-to-regexp": {
      "version": "6.2.1",
      "resolved": "http://registry.npm.qima-inc.com/path-to-regexp/download/path-to-regexp-6.2.1.tgz",
      "integrity": "sha1-1Uk01nmOueXvFOeveWLJRZBpGOU="
    },
    "prebuild-install": {
      "version": "7.1.0",
      "resolved": "http://registry.npm.qima-inc.com/prebuild-install/download/prebuild-install-7.1.0.tgz",
      "integrity": "sha1-mRtqwWyBWRukCm1d6T+zNnOsE3A=",
      "requires": {
        "detect-libc": "^2.0.0",
        "expand-template": "^2.0.3",
        "github-from-package": "0.0.0",
        "minimist": "^1.2.3",
        "mkdirp-classic": "^0.5.3",
        "napi-build-utils": "^1.0.1",
        "node-abi": "^3.3.0",
        "npmlog": "^4.0.1",
        "pump": "^3.0.0",
        "rc": "^1.2.7",
        "simple-get": "^4.0.0",
        "tar-fs": "^2.0.0",
        "tunnel-agent": "^0.6.0"
      }
    },
    "process-nextick-args": {
      "version": "2.0.1",
      "resolved": "http://registry.npm.qima-inc.com/process-nextick-args/download/process-nextick-args-2.0.1.tgz",
      "integrity": "sha1-eCDZsWEgzFXKmud5JoCufbptf+I="
    },
    "pump": {
      "version": "3.0.0",
      "resolved": "http://registry.npm.qima-inc.com/pump/download/pump-3.0.0.tgz",
      "integrity": "sha1-tKIRaBW94vTh6mAjVOjHVWUQemQ=",
      "requires": {
        "end-of-stream": "^1.1.0",
        "once": "^1.3.1"
      }
    },
    "rc": {
      "version": "1.2.8",
      "resolved": "http://registry.npm.qima-inc.com/rc/download/rc-1.2.8.tgz",
      "integrity": "sha1-zZJL9SAKB1uDwYjNa54hG3/A0+0=",
      "requires": {
        "deep-extend": "^0.6.0",
        "ini": "~1.3.0",
        "minimist": "^1.2.0",
        "strip-json-comments": "~2.0.1"
      }
    },
    "readable-stream": {
      "version": "2.3.7",
      "resolved": "http://registry.npm.qima-inc.com/readable-stream/download/readable-stream-2.3.7.tgz",
      "integrity": "sha1-Hsoc9xGu+BTAT2IlKjamL2yyO1c=",
      "requires": {
        "core-util-is": "~1.0.0",
        "inherits": "~2.0.3",
        "isarray": "~1.0.0",
        "process-nextick-args": "~2.0.0",
        "safe-buffer": "~5.1.1",
        "string_decoder": "~1.1.1",
        "util-deprecate": "~1.0.1"
      },
      "dependencies": {
        "safe-buffer": {
          "version": "5.1.2",
          "resolved": "http://registry.npm.qima-inc.com/safe-buffer/download/safe-buffer-5.1.2.tgz",
          "integrity": "sha1-mR7GnSluAxN0fVm9/St0XDX4go0="
        }
      }
    },
    "safe-buffer": {
      "version": "5.2.1",
      "resolved": "http://registry.npm.qima-inc.com/safe-buffer/download/safe-buffer-5.2.1.tgz",
      "integrity": "sha1-Hq+fqb2x/dTsdfWPnNtOa3gn7sY="
    },
    "semver": {
      "version": "7.3.7",
      "resolved": "http://registry.npm.qima-inc.com/semver/download/semver-7.3.7.tgz",
      "integrity": "sha1-EsW2Sa/b+QSXB3luIqQCiBTOUj8=",
      "requires": {
        "lru-cache": "^6.0.0"
      }
    },
    "serialport": {
      "version": "9.2.8",
      "resolved": "http://registry.npm.qima-inc.com/serialport/download/serialport-9.2.8.tgz",
      "integrity": "sha1-q/n1msUKw9Ew9qEN4UF2Wp2G2nM=",
      "requires": {
        "@serialport/binding-mock": "9.2.4",
        "@serialport/bindings": "9.2.8",
        "@serialport/parser-byte-length": "9.2.4",
        "@serialport/parser-cctalk": "9.2.4",
        "@serialport/parser-delimiter": "9.2.4",
        "@serialport/parser-inter-byte-timeout": "9.2.4",
        "@serialport/parser-readline": "9.2.4",
        "@serialport/parser-ready": "9.2.4",
        "@serialport/parser-regex": "9.2.4",
        "@serialport/stream": "9.2.4",
        "debug": "^4.3.2"
      }
    },
    "set-blocking": {
      "version": "2.0.0",
      "resolved": "http://registry.npm.qima-inc.com/set-blocking/download/set-blocking-2.0.0.tgz",
      "integrity": "sha1-BF+XgtARrppoA93TgrJDkrPYkPc="
    },
    "setprototypeof": {
      "version": "1.2.0",
      "resolved": "http://registry.npm.qima-inc.com/setprototypeof/download/setprototypeof-1.2.0.tgz",
      "integrity": "sha1-ZsmiSnP5/CjL5msJ/tPTPcrxtCQ="
    },
    "signal-exit": {
      "version": "3.0.7",
      "resolved": "http://registry.npm.qima-inc.com/signal-exit/download/signal-exit-3.0.7.tgz",
      "integrity": "sha1-qaF2f4r4QVURTqq9c/mSc8j1mtk="
    },
    "simple-concat": {
      "version": "1.0.1",
      "resolved": "http://registry.npm.qima-inc.com/simple-concat/download/simple-concat-1.0.1.tgz",
      "integrity": "sha1-9Gl2CCujXCJj8cirXt/ibEHJVS8="
    },
    "simple-get": {
      "version": "4.0.1",
      "resolved": "http://registry.npm.qima-inc.com/simple-get/download/simple-get-4.0.1.tgz",
      "integrity": "sha1-SjnbVJKHyXnTUhEvoD/Zn9a8NUM=",
      "requires": {
        "decompress-response": "^6.0.0",
        "once": "^1.3.1",
        "simple-concat": "^1.0.0"
      }
    },
    "statuses": {
      "version": "2.0.1",
      "resolved": "http://registry.npm.qima-inc.com/statuses/download/statuses-2.0.1.tgz",
      "integrity": "sha1-VcsADM8dSHKL0jxoWgY5mM8aG2M="
    },
    "string-width": {
      "version": "1.0.2",
      "resolved": "http://registry.npm.qima-inc.com/string-width/download/string-width-1.0.2.tgz",
      "integrity": "sha1-EYvfW4zcUaKn5w0hHgfisLmxB9M=",
      "requires": {
        "code-point-at": "^1.0.0",
        "is-fullwidth-code-point": "^1.0.0",
        "strip-ansi": "^3.0.0"
      }
    },
    "string_decoder": {
      "version": "1.1.1",
      "resolved": "http://registry.npm.qima-inc.com/string_decoder/download/string_decoder-1.1.1.tgz",
      "integrity": "sha1-nPFhG6YmhdcDCunkujQUnDrwP8g=",
      "requires": {
        "safe-buffer": "~5.1.0"
      },
      "dependencies": {
        "safe-buffer": {
          "version": "5.1.2",
          "resolved": "http://registry.npm.qima-inc.com/safe-buffer/download/safe-buffer-5.1.2.tgz",
          "integrity": "sha1-mR7GnSluAxN0fVm9/St0XDX4go0="
        }
      }
    },
    "strip-ansi": {
      "version": "3.0.1",
      "resolved": "http://registry.npm.qima-inc.com/strip-ansi/download/strip-ansi-3.0.1.tgz",
      "integrity": "sha1-ajhfuIU9lS1f8F0Oiq+UJ43GPc8=",
      "requires": {
        "ansi-regex": "^2.0.0"
      }
    },
    "strip-json-comments": {
      "version": "2.0.1",
      "resolved": "http://registry.npm.qima-inc.com/strip-json-comments/download/strip-json-comments-2.0.1.tgz",
      "integrity": "sha1-PFMZQukIwml8DsNEhYwobHygpgo="
    },
    "tar-fs": {
      "version": "2.1.1",
      "resolved": "http://registry.npm.qima-inc.com/tar-fs/download/tar-fs-2.1.1.tgz",
      "integrity": "sha1-SJoVq4Xx8L76uzcLfeT561y+h4Q=",
      "requires": {
        "chownr": "^1.1.1",
        "mkdirp-classic": "^0.5.2",
        "pump": "^3.0.0",
        "tar-stream": "^2.1.4"
      }
    },
    "tar-stream": {
      "version": "2.2.0",
      "resolved": "http://registry.npm.qima-inc.com/tar-stream/download/tar-stream-2.2.0.tgz",
      "integrity": "sha1-rK2EwoQTawYNw/qmRHSqmuvXcoc=",
      "requires": {
        "bl": "^4.0.3",
        "end-of-stream": "^1.4.1",
        "fs-constants": "^1.0.0",
        "inherits": "^2.0.3",
        "readable-stream": "^3.1.1"
      },
      "dependencies": {
        "readable-stream": {
          "version": "3.6.0",
          "resolved": "http://registry.npm.qima-inc.com/readable-stream/download/readable-stream-3.6.0.tgz",
          "integrity": "sha1-M3u9o63AcGvT4CRCaihtS0sskZg=",
          "requires": {
            "inherits": "^2.0.3",
            "string_decoder": "^1.1.1",
            "util-deprecate": "^1.0.1"
          }
        }
      }
    },
    "toidentifier": {
      "version": "1.0.1",
      "resolved": "http://registry.npm.qima-inc.com/toidentifier/download/toidentifier-1.0.1.tgz",
      "integrity": "sha1-O+NDIaiKgg7RvYDfqjPkefu43TU="
    },
    "tsscmp": {
      "version": "1.0.6",
      "resolved": "http://registry.npm.qima-inc.com/tsscmp/download/tsscmp-1.0.6.tgz",
      "integrity": "sha1-hbmVg6w1iexL/vgltQAKqRHWBes="
    },
    "tunnel-agent": {
      "version": "0.6.0",
      "resolved": "http://registry.npm.qima-inc.com/tunnel-agent/download/tunnel-agent-0.6.0.tgz",
      "integrity": "sha1-J6XeoGs2sEoKmWZ3SykIaPD8QP0=",
      "requires": {
        "safe-buffer": "^5.0.1"
      }
    },
    "type-is": {
      "version": "1.6.18",
      "resolved": "http://registry.npm.qima-inc.com/type-is/download/type-is-1.6.18.tgz",
      "integrity": "sha1-TlUs0F3wlGfcvE73Od6J8s83wTE=",
      "requires": {
        "media-typer": "0.3.0",
        "mime-types": "~2.1.24"
      }
    },
    "util-deprecate": {
      "version": "1.0.2",
      "resolved": "http://registry.npm.qima-inc.com/util-deprecate/download/util-deprecate-1.0.2.tgz",
      "integrity": "sha1-RQ1Nyfpw3nMnYvvS1KKJgUGaDM8="
    },
    "vary": {
      "version": "1.1.2",
      "resolved": "http://registry.npm.qima-inc.com/vary/download/vary-1.1.2.tgz",
      "integrity": "sha1-IpnwLG3tMNSllhsLn3RSShj2NPw="
    },
    "wide-align": {
      "version": "1.1.5",
      "resolved": "http://registry.npm.qima-inc.com/wide-align/download/wide-align-1.1.5.tgz",
      "integrity": "sha1-3x1MIGhUNp7PPJpImPGyP72dFdM=",
      "requires": {
        "string-width": "^1.0.2 || 2 || 3 || 4"
      }
    },
    "wrappy": {
      "version": "1.0.2",
      "resolved": "http://registry.npm.qima-inc.com/wrappy/download/wrappy-1.0.2.tgz",
      "integrity": "sha1-tSQ9jz7BqjXxNkYFvA0QNuMKtp8="
    },
    "yallist": {
      "version": "4.0.0",
      "resolved": "http://registry.npm.qima-inc.com/yallist/download/yallist-4.0.0.tgz",
      "integrity": "sha1-m7knkNnA7/7GO+c1GeEaNQGaOnI="
    },
    "ylru": {
      "version": "1.3.2",
      "resolved": "http://registry.npm.qima-inc.com/ylru/download/ylru-1.3.2.tgz",
      "integrity": "sha1-DeSAF0cydaTL38g6Hq9nwBr4p4U="
    }
  }
}
